// !$*UTF8*$!
{
	archiveVersion = 1;
	classes = {
	};
	objectVersion = 55;
	objects = {

/* Begin PBXBuildFile section */
		E224EA1327BA23A400A5EC2F /* AutificationExampleApp.swift in Sources */ = {isa = PBXBuildFile; fileRef = E224EA1227BA23A400A5EC2F /* AutificationExampleApp.swift */; };
		E224EA1527BA23A400A5EC2F /* ApplicationView.swift in Sources */ = {isa = PBXBuildFile; fileRef = E224EA1427BA23A400A5EC2F /* ApplicationView.swift */; };
		E224EA1727BA23A500A5EC2F /* Assets.xcassets in Resources */ = {isa = PBXBuildFile; fileRef = E224EA1627BA23A500A5EC2F /* Assets.xcassets */; };
		E224EA1A27BA23A500A5EC2F /* Preview Assets.xcassets in Resources */ = {isa = PBXBuildFile; fileRef = E224EA1927BA23A500A5EC2F /* Preview Assets.xcassets */; };
		E224EA2427BA28C400A5EC2F /* Login.swift in Sources */ = {isa = PBXBuildFile; fileRef = E224EA2327BA28C400A5EC2F /* Login.swift */; };
		E224EA2727BA2FE100A5EC2F /* StandardTextField.swift in Sources */ = {isa = PBXBuildFile; fileRef = E224EA2627BA2FE100A5EC2F /* StandardTextField.swift */; };
		E224EA2927BA30A100A5EC2F /* LoginViewModel.swift in Sources */ = {isa = PBXBuildFile; fileRef = E224EA2827BA30A100A5EC2F /* LoginViewModel.swift */; };
		E224EA2C27BA344E00A5EC2F /* Validator.swift in Sources */ = {isa = PBXBuildFile; fileRef = E224EA2B27BA344E00A5EC2F /* Validator.swift */; };
		E224EA2F27BA458F00A5EC2F /* Main.swift in Sources */ = {isa = PBXBuildFile; fileRef = E224EA2E27BA458F00A5EC2F /* Main.swift */; };
		E224EA3127BA4E9A00A5EC2F /* MainViewModel.swift in Sources */ = {isa = PBXBuildFile; fileRef = E224EA3027BA4E9A00A5EC2F /* MainViewModel.swift */; };
/* End PBXBuildFile section */

/* Begin PBXFileReference section */
		E224EA0F27BA23A400A5EC2F /* AutificationExample.app */ = {isa = PBXFileReference; explicitFileType = wrapper.application; includeInIndex = 0; path = AutificationExample.app; sourceTree = BUILT_PRODUCTS_DIR; };
		E224EA1227BA23A400A5EC2F /* AutificationExampleApp.swift */ = {isa = PBXFileReference; lastKnownFileType = sourcecode.swift; path = AutificationExampleApp.swift; sourceTree = "<group>"; };
		E224EA1427BA23A400A5EC2F /* ApplicationView.swift */ = {isa = PBXFileReference; lastKnownFileType = sourcecode.swift; path = ApplicationView.swift; sourceTree = "<group>"; };
		E224EA1627BA23A500A5EC2F /* Assets.xcassets */ = {isa = PBXFileReference; lastKnownFileType = folder.assetcatalog; path = Assets.xcassets; sourceTree = "<group>"; };
		E224EA1927BA23A500A5EC2F /* Preview Assets.xcassets */ = {isa = PBXFileReference; lastKnownFileType = folder.assetcatalog; path = "Preview Assets.xcassets"; sourceTree = "<group>"; };
		E224EA2327BA28C400A5EC2F /* Login.swift */ = {isa = PBXFileReference; lastKnownFileType = sourcecode.swift; path = Login.swift; sourceTree = "<group>"; };
		E224EA2627BA2FE100A5EC2F /* StandardTextField.swift */ = {isa = PBXFileReference; fileEncoding = 4; lastKnownFileType = sourcecode.swift; path = StandardTextField.swift; sourceTree = "<group>"; };
		E224EA2827BA30A100A5EC2F /* LoginViewModel.swift */ = {isa = PBXFileReference; lastKnownFileType = sourcecode.swift; path = LoginViewModel.swift; sourceTree = "<group>"; };
		E224EA2B27BA344E00A5EC2F /* Validator.swift */ = {isa = PBXFileReference; fileEncoding = 4; lastKnownFileType = sourcecode.swift; path = Validator.swift; sourceTree = "<group>"; };
		E224EA2E27BA458F00A5EC2F /* Main.swift */ = {isa = PBXFileReference; lastKnownFileType = sourcecode.swift; path = Main.swift; sourceTree = "<group>"; };
		E224EA3027BA4E9A00A5EC2F /* MainViewModel.swift */ = {isa = PBXFileReference; lastKnownFileType = sourcecode.swift; path = MainViewModel.swift; sourceTree = "<group>"; };
/* End PBXFileReference section */

/* Begin PBXFrameworksBuildPhase section */
		E224EA0C27BA23A300A5EC2F /* Frameworks */ = {
			isa = PBXFrameworksBuildPhase;
			buildActionMask = 2147483647;
			files = (
			);
			runOnlyForDeploymentPostprocessing = 0;
		};
/* End PBXFrameworksBuildPhase section */

/* Begin PBXGroup section */
		E224EA0627BA23A300A5EC2F = {
			isa = PBXGroup;
			children = (
				E224EA1127BA23A400A5EC2F /* AutificationExample */,
				E224EA1027BA23A400A5EC2F /* Products */,
			);
			sourceTree = "<group>";
		};
		E224EA1027BA23A400A5EC2F /* Products */ = {
			isa = PBXGroup;
			children = (
				E224EA0F27BA23A400A5EC2F /* AutificationExample.app */,
			);
			name = Products;
			sourceTree = "<group>";
		};
		E224EA1127BA23A400A5EC2F /* AutificationExample */ = {
			isa = PBXGroup;
			children = (
				E224EA2A27BA342900A5EC2F /* Managers */,
				E224EA2527BA2FA900A5EC2F /* Components */,
				E224EA1227BA23A400A5EC2F /* AutificationExampleApp.swift */,
				E224EA2027BA286900A5EC2F /* Screens */,
				E224EA1627BA23A500A5EC2F /* Assets.xcassets */,
				E224EA1827BA23A500A5EC2F /* Preview Content */,
			);
			path = AutificationExample;
			sourceTree = "<group>";
		};
		E224EA1827BA23A500A5EC2F /* Preview Content */ = {
			isa = PBXGroup;
			children = (
				E224EA1927BA23A500A5EC2F /* Preview Assets.xcassets */,
			);
			path = "Preview Content";
			sourceTree = "<group>";
		};
		E224EA2027BA286900A5EC2F /* Screens */ = {
			isa = PBXGroup;
			children = (
				E224EA2127BA289E00A5EC2F /* Application */,
				E224EA2227BA28AB00A5EC2F /* Login */,
				E224EA2D27BA457A00A5EC2F /* Main */,
			);
			path = Screens;
			sourceTree = "<group>";
		};
		E224EA2127BA289E00A5EC2F /* Application */ = {
			isa = PBXGroup;
			children = (
				E224EA1427BA23A400A5EC2F /* ApplicationView.swift */,
			);
			path = Application;
			sourceTree = "<group>";
		};
		E224EA2227BA28AB00A5EC2F /* Login */ = {
			isa = PBXGroup;
			children = (
				E224EA2327BA28C400A5EC2F /* Login.swift */,
				E224EA2827BA30A100A5EC2F /* LoginViewModel.swift */,
			);
			path = Login;
			sourceTree = "<group>";
		};
		E224EA2527BA2FA900A5EC2F /* Components */ = {
			isa = PBXGroup;
			children = (
				E224EA2627BA2FE100A5EC2F /* StandardTextField.swift */,
			);
			path = Components;
			sourceTree = "<group>";
		};
		E224EA2A27BA342900A5EC2F /* Managers */ = {
			isa = PBXGroup;
			children = (
				E224EA2B27BA344E00A5EC2F /* Validator.swift */,
			);
			path = Managers;
			sourceTree = "<group>";
		};
		E224EA2D27BA457A00A5EC2F /* Main */ = {
			isa = PBXGroup;
			children = (
				E224EA2E27BA458F00A5EC2F /* Main.swift */,
				E224EA3027BA4E9A00A5EC2F /* MainViewModel.swift */,
			);
			path = Main;
			sourceTree = "<group>";
		};
/* End PBXGroup section */

/* Begin PBXNativeTarget section */
		E224EA0E27BA23A300A5EC2F /* AutificationExample */ = {
			isa = PBXNativeTarget;
			buildConfigurationList = E224EA1D27BA23A500A5EC2F /* Build configuration list for PBXNativeTarget "AutificationExample" */;
			buildPhases = (
				E224EA0B27BA23A300A5EC2F /* Sources */,
				E224EA0C27BA23A300A5EC2F /* Frameworks */,
				E224EA0D27BA23A300A5EC2F /* Resources */,
			);
			buildRules = (
			);
			dependencies = (
			);
			name = AutificationExample;
			productName = AutificationExample;
			productReference = E224EA0F27BA23A400A5EC2F /* AutificationExample.app */;
			productType = "com.apple.product-type.application";
		};
/* End PBXNativeTarget section */

/* Begin PBXProject section */
		E224EA0727BA23A300A5EC2F /* Project object */ = {
			isa = PBXProject;
			attributes = {
				BuildIndependentTargetsInParallel = 1;
				LastSwiftUpdateCheck = 1300;
				LastUpgradeCheck = 1300;
				TargetAttributes = {
					E224EA0E27BA23A300A5EC2F = {
						CreatedOnToolsVersion = 13.0;
					};
				};
			};
			buildConfigurationList = E224EA0A27BA23A300A5EC2F /* Build configuration list for PBXProject "AutificationExample" */;
			compatibilityVersion = "Xcode 13.0";
			developmentRegion = en;
			hasScannedForEncodings = 0;
			knownRegions = (
				en,
				Base,
			);
			mainGroup = E224EA0627BA23A300A5EC2F;
			productRefGroup = E224EA1027BA23A400A5EC2F /* Products */;
			projectDirPath = "";
			projectRoot = "";
			targets = (
				E224EA0E27BA23A300A5EC2F /* AutificationExample */,
			);
		};
/* End PBXProject section */

/* Begin PBXResourcesBuildPhase section */
		E224EA0D27BA23A300A5EC2F /* Resources */ = {
			isa = PBXResourcesBuildPhase;
			buildActionMask = 2147483647;
			files = (
				E224EA1A27BA23A500A5EC2F /* Preview Assets.xcassets in Resources */,
				E224EA1727BA23A500A5EC2F /* Assets.xcassets in Resources */,
			);
			runOnlyForDeploymentPostprocessing = 0;
		};
/* End PBXResourcesBuildPhase section */

/* Begin PBXSourcesBuildPhase section */
		E224EA0B27BA23A300A5EC2F /* Sources */ = {
			isa = PBXSourcesBuildPhase;
			buildActionMask = 2147483647;
			files = (
				E224EA2727BA2FE100A5EC2F /* StandardTextField.swift in Sources */,
				E224EA2427BA28C400A5EC2F /* Login.swift in Sources */,
				E224EA1527BA23A400A5EC2F /* ApplicationView.swift in Sources */,
				E224EA2927BA30A100A5EC2F /* LoginViewModel.swift in Sources */,
				E224EA2C27BA344E00A5EC2F /* Validator.swift in Sources */,
				E224EA2F27BA458F00A5EC2F /* Main.swift in Sources */,
				E224EA1327BA23A400A5EC2F /* AutificationExampleApp.swift in Sources */,
				E224EA3127BA4E9A00A5EC2F /* MainViewModel.swift in Sources */,
			);
			runOnlyForDeploymentPostprocessing = 0;
		};
/* End PBXSourcesBuildPhase section */

/* Begin XCBuildConfiguration section */
		E224EA1B27BA23A500A5EC2F /* Debug */ = {
			isa = XCBuildConfiguration;
			buildSettings = {
				ALWAYS_SEARCH_USER_PATHS = NO;
				CLANG_ANALYZER_NONNULL = YES;
				CLANG_ANALYZER_NUMBER_OBJECT_CONVERSION = YES_AGGRESSIVE;
				CLANG_CXX_LANGUAGE_STANDARD = "gnu++17";
				CLANG_CXX_LIBRARY = "libc++";
				CLANG_ENABLE_MODULES = YES;
				CLANG_ENABLE_OBJC_ARC = YES;
				CLANG_ENABLE_OBJC_WEAK = YES;
				CLANG_WARN_BLOCK_CAPTURE_AUTORELEASING = YES;
				CLANG_WARN_BOOL_CONVERSION = YES;
				CLANG_WARN_COMMA = YES;
				CLANG_WARN_CONSTANT_CONVERSION = YES;
				CLANG_WARN_DEPRECATED_OBJC_IMPLEMENTATIONS = YES;
				CLANG_WARN_DIRECT_OBJC_ISA_USAGE = YES_ERROR;
				CLANG_WARN_DOCUMENTATION_COMMENTS = YES;
				CLANG_WARN_EMPTY_BODY = YES;
				CLANG_WARN_ENUM_CONVERSION = YES;
				CLANG_WARN_INFINITE_RECURSION = YES;
				CLANG_WARN_INT_CONVERSION = YES;
				CLANG_WARN_NON_LITERAL_NULL_CONVERSION = YES;
				CLANG_WARN_OBJC_IMPLICIT_RETAIN_SELF = YES;
				CLANG_WARN_OBJC_LITERAL_CONVERSION = YES;
				CLANG_WARN_OBJC_ROOT_CLASS = YES_ERROR;
				CLANG_WARN_QUOTED_INCLUDE_IN_FRAMEWORK_HEADER = YES;
				CLANG_WARN_RANGE_LOOP_ANALYSIS = YES;
				CLANG_WARN_STRICT_PROTOTYPES = YES;
				CLANG_WARN_SUSPICIOUS_MOVE = YES;
				CLANG_WARN_UNGUARDED_AVAILABILITY = YES_AGGRESSIVE;
				CLANG_WARN_UNREACHABLE_CODE = YES;
				CLANG_WARN__DUPLICATE_METHOD_MATCH = YES;
				COPY_PHASE_STRIP = NO;
				DEBUG_INFORMATION_FORMAT = dwarf;
				ENABLE_STRICT_OBJC_MSGSEND = YES;
				ENABLE_TESTABILITY = YES;
				GCC_C_LANGUAGE_STANDARD = gnu11;
				GCC_DYNAMIC_NO_PIC = NO;
				GCC_NO_COMMON_BLOCKS = YES;
				GCC_OPTIMIZATION_LEVEL = 0;
				GCC_PREPROCESSOR_DEFINITIONS = (
					"DEBUG=1",
					"$(inherited)",
				);
				GCC_WARN_64_TO_32_BIT_CONVERSION = YES;
				GCC_WARN_ABOUT_RETURN_TYPE = YES_ERROR;
				GCC_WARN_UNDECLARED_SELECTOR = YES;
				GCC_WARN_UNINITIALIZED_AUTOS = YES_AGGRESSIVE;
				GCC_WARN_UNUSED_FUNCTION = YES;
				GCC_WARN_UNUSED_VARIABLE = YES;
				IPHONEOS_DEPLOYMENT_TARGET = 15.0;
				MTL_ENABLE_DEBUG_INFO = INCLUDE_SOURCE;
				MTL_FAST_MATH = YES;
				ONLY_ACTIVE_ARCH = YES;
				SDKROOT = iphoneos;
				SWIFT_ACTIVE_COMPILATION_CONDITIONS = DEBUG;
				SWIFT_OPTIMIZATION_LEVEL = "-Onone";
			};
			name = Debug;
		};
		E224EA1C27BA23A500A5EC2F /* Release */ = {
			isa = XCBuildConfiguration;
			buildSettings = {
				ALWAYS_SEARCH_USER_PATHS = NO;
				CLANG_ANALYZER_NONNULL = YES;
				CLANG_ANALYZER_NUMBER_OBJECT_CONVERSION = YES_AGGRESSIVE;
				CLANG_CXX_LANGUAGE_STANDARD = "gnu++17";
				CLANG_CXX_LIBRARY = "libc++";
				CLANG_ENABLE_MODULES = YES;
				CLANG_ENABLE_OBJC_ARC = YES;
				CLANG_ENABLE_OBJC_WEAK = YES;
				CLANG_WARN_BLOCK_CAPTURE_AUTORELEASING = YES;
				CLANG_WARN_BOOL_CONVERSION = YES;
				CLANG_WARN_COMMA = YES;
				CLANG_WARN_CONSTANT_CONVERSION = YES;
				CLANG_WARN_DEPRECATED_OBJC_IMPLEMENTATIONS = YES;
				CLANG_WARN_DIRECT_OBJC_ISA_USAGE = YES_ERROR;
				CLANG_WARN_DOCUMENTATION_COMMENTS = YES;
				CLANG_WARN_EMPTY_BODY = YES;
				CLANG_WARN_ENUM_CONVERSION = YES;
				CLANG_WARN_INFINITE_RECURSION = YES;
				CLANG_WARN_INT_CONVERSION = YES;
				CLANG_WARN_NON_LITERAL_NULL_CONVERSION = YES;
				CLANG_WARN_OBJC_IMPLICIT_RETAIN_SELF = YES;
				CLANG_WARN_OBJC_LITERAL_CONVERSION = YES;
				CLANG_WARN_OBJC_ROOT_CLASS = YES_ERROR;
				CLANG_WARN_QUOTED_INCLUDE_IN_FRAMEWORK_HEADER = YES;
				CLANG_WARN_RANGE_LOOP_ANALYSIS = YES;
				CLANG_WARN_STRICT_PROTOTYPES = YES;
				CLANG_WARN_SUSPICIOUS_MOVE = YES;
				CLANG_WARN_UNGUARDED_AVAILABILITY = YES_AGGRESSIVE;
				CLANG_WARN_UNREACHABLE_CODE = YES;
				CLANG_WARN__DUPLICATE_METHOD_MATCH = YES;
				COPY_PHASE_STRIP = NO;
				DEBUG_INFORMATION_FORMAT = "dwarf-with-dsym";
				ENABLE_NS_ASSERTIONS = NO;
				ENABLE_STRICT_OBJC_MSGSEND = YES;
				GCC_C_LANGUAGE_STANDARD = gnu11;
				GCC_NO_COMMON_BLOCKS = YES;
				GCC_WARN_64_TO_32_BIT_CONVERSION = YES;
				GCC_WARN_ABOUT_RETURN_TYPE = YES_ERROR;
				GCC_WARN_UNDECLARED_SELECTOR = YES;
				GCC_WARN_UNINITIALIZED_AUTOS = YES_AGGRESSIVE;
				GCC_WARN_UNUSED_FUNCTION = YES;
				GCC_WARN_UNUSED_VARIABLE = YES;
				IPHONEOS_DEPLOYMENT_TARGET = 15.0;
				MTL_ENABLE_DEBUG_INFO = NO;
				MTL_FAST_MATH = YES;
				SDKROOT = iphoneos;
				SWIFT_COMPILATION_MODE = wholemodule;
				SWIFT_OPTIMIZATION_LEVEL = "-O";
				VALIDATE_PRODUCT = YES;
			};
			name = Release;
		};
		E224EA1E27BA23A500A5EC2F /* Debug */ = {
			isa = XCBuildConfiguration;
			buildSettings = {
				ASSETCATALOG_COMPILER_APPICON_NAME = AppIcon;
				ASSETCATALOG_COMPILER_GLOBAL_ACCENT_COLOR_NAME = AccentColor;
				CODE_SIGN_STYLE = Automatic;
				CURRENT_PROJECT_VERSION = 1;
				DEVELOPMENT_ASSET_PATHS = "\"AutificationExample/Preview Content\"";
				DEVELOPMENT_TEAM = FFYJJ79MSE;
				ENABLE_PREVIEWS = YES;
				GENERATE_INFOPLIST_FILE = YES;
				INFOPLIST_KEY_UIApplicationSceneManifest_Generation = YES;
				INFOPLIST_KEY_UIApplicationSupportsIndirectInputEvents = YES;
				INFOPLIST_KEY_UILaunchScreen_Generation = YES;
				INFOPLIST_KEY_UISupportedInterfaceOrientations_iPad = "UIInterfaceOrientationPortrait UIInterfaceOrientationPortraitUpsideDown UIInterfaceOrientationLandscapeLeft UIInterfaceOrientationLandscapeRight";
				INFOPLIST_KEY_UISupportedInterfaceOrientations_iPhone = "UIInterfaceOrientationPortrait UIInterfaceOrientationLandscapeLeft UIInterfaceOrientationLandscapeRight";
				IPHONEOS_DEPLOYMENT_TARGET = 14.0;
				LD_RUNPATH_SEARCH_PATHS = (
					"$(inherited)",
					"@executable_path/Frameworks",
				);
				MARKETING_VERSION = 1.0;
				PRODUCT_BUNDLE_IDENTIFIER = "sev-84.AutificationExample";
				PRODUCT_NAME = "$(TARGET_NAME)";
				SWIFT_EMIT_LOC_STRINGS = YES;
				SWIFT_VERSION = 5.0;
				TARGETED_DEVICE_FAMILY = "1,2";
			};
			name = Debug;
		};
		E224EA1F27BA23A500A5EC2F /* Release */ = {
			isa = XCBuildConfiguration;
			buildSettings = {
				ASSETCATALOG_COMPILER_APPICON_NAME = AppIcon;
				ASSETCATALOG_COMPILER_GLOBAL_ACCENT_COLOR_NAME = AccentColor;
				CODE_SIGN_STYLE = Automatic;
				CURRENT_PROJECT_VERSION = 1;
				DEVELOPMENT_ASSET_PATHS = "\"AutificationExample/Preview Content\"";
				DEVELOPMENT_TEAM = FFYJJ79MSE;
				ENABLE_PREVIEWS = YES;
				GENERATE_INFOPLIST_FILE = YES;
				INFOPLIST_KEY_UIApplicationSceneManifest_Generation = YES;
				INFOPLIST_KEY_UIApplicationSupportsIndirectInputEvents = YES;
				INFOPLIST_KEY_UILaunchScreen_Generation = YES;
				INFOPLIST_KEY_UISupportedInterfaceOrientations_iPad = "UIInterfaceOrientationPortrait UIInterfaceOrientationPortraitUpsideDown UIInterfaceOrientationLandscapeLeft UIInterfaceOrientationLandscapeRight";
				INFOPLIST_KEY_UISupportedInterfaceOrientations_iPhone = "UIInterfaceOrientationPortrait UIInterfaceOrientationLandscapeLeft UIInterfaceOrientationLandscapeRight";
				IPHONEOS_DEPLOYMENT_TARGET = 14.0;
				LD_RUNPATH_SEARCH_PATHS = (
					"$(inherited)",
					"@executable_path/Frameworks",
				);
				MARKETING_VERSION = 1.0;
				PRODUCT_BUNDLE_IDENTIFIER = "sev-84.AutificationExample";
				PRODUCT_NAME = "$(TARGET_NAME)";
				SWIFT_EMIT_LOC_STRINGS = YES;
				SWIFT_VERSION = 5.0;
				TARGETED_DEVICE_FAMILY = "1,2";
			};
			name = Release;
		};
/* End XCBuildConfiguration section */

/* Begin XCConfigurationList section */
		E224EA0A27BA23A300A5EC2F /* Build configuration list for PBXProject "AutificationExample" */ = {
			isa = XCConfigurationList;
			buildConfigurations = (
				E224EA1B27BA23A500A5EC2F /* Debug */,
				E224EA1C27BA23A500A5EC2F /* Release */,
			);
			defaultConfigurationIsVisible = 0;
			defaultConfigurationName = Release;
		};
		E224EA1D27BA23A500A5EC2F /* Build configuration list for PBXNativeTarget "AutificationExample" */ = {
			isa = XCConfigurationList;
			buildConfigurations = (
				E224EA1E27BA23A500A5EC2F /* Debug */,
				E224EA1F27BA23A500A5EC2F /* Release */,
			);
			defaultConfigurationIsVisible = 0;
			defaultConfigurationName = Release;
		};
/* End XCConfigurationList section */
	};
	rootObject = E224EA0727BA23A300A5EC2F /* Project object */;
}
